Microsoft Visual Studio Solution File, Format Version 12.00
# Visual Studio Version 17
VisualStudioVersion = 17.5.2.0
MinimumVisualStudioVersion = 10.0.40219.1
Project("{FAE04EC0-301F-11D3-BF4B-00C04F79EFBC}") = "GradeCalculatorApp", "GradeCalculatorApp.csproj", "{201D24B5-2735-E485-63B5-7C3975F3C21C}"
EndProject
Global
	GlobalSection(SolutionConfigurationPlatforms) = preSolution
		Debug|Any CPU = Debug|Any CPU
		Release|Any CPU = Release|Any CPU
	EndGlobalSection
	GlobalSection(ProjectConfigurationPlatforms) = postSolution
		{201D24B5-2735-E485-63B5-7C3975F3C21C}.Debug|Any CPU.ActiveCfg = Debug|Any CPU
		{201D24B5-2735-E485-63B5-7C3975F3C21C}.Debug|Any CPU.Build.0 = Debug|Any CPU
		{201D24B5-2735-E485-63B5-7C3975F3C21C}.Release|Any CPU.ActiveCfg = Release|Any CPU
		{201D24B5-2735-E485-63B5-7C3975F3C21C}.Release|Any CPU.Build.0 = Release|Any CPU
	EndGlobalSection
	GlobalSection(SolutionProperties) = preSolution
		HideSolutionNode = FALSE
	EndGlobalSection
	GlobalSection(ExtensibilityGlobals) = postSolution
		SolutionGuid = {F086496F-8DC7-4A64-A144-8AF0552DCED0}
	EndGlobalSection
EndGlobal
